// !$*UTF8*$!
{
	archiveVersion = 1;
	classes = {
	};
	objectVersion = 46;
	objects = {

/* Begin PBXBuildFile section */
		146D63225DC83F02C84FEF97 /* Pods_PickerUITests.framework in Frameworks */ = {isa = PBXBuildFile; fileRef = 02236F7D47D1D65887C7B4CE /* Pods_PickerUITests.framework */; };
		5A69C87A7D97512BA9496C18 /* Pods_Picker.framework in Frameworks */ = {isa = PBXBuildFile; fileRef = E4404E8767AA1617AFB50D84 /* Pods_Picker.framework */; };
		AFDD2FEAF927CB4989BEDED8 /* Pods_PickerTests.framework in Frameworks */ = {isa = PBXBuildFile; fileRef = 191002E8E9D5CB2F9027B2C1 /* Pods_PickerTests.framework */; };
		CD9B6E8922033F9200FF4AE6 /* AppDelegate.swift in Sources */ = {isa = PBXBuildFile; fileRef = CD9B6E8822033F9200FF4AE6 /* AppDelegate.swift */; };
		CD9B6E8B22033F9200FF4AE6 /* ViewController.swift in Sources */ = {isa = PBXBuildFile; fileRef = CD9B6E8A22033F9200FF4AE6 /* ViewController.swift */; };
		CD9B6E8E22033F9200FF4AE6 /* Main.storyboard in Resources */ = {isa = PBXBuildFile; fileRef = CD9B6E8C22033F9200FF4AE6 /* Main.storyboard */; };
		CD9B6E9022033F9200FF4AE6 /* Assets.xcassets in Resources */ = {isa = PBXBuildFile; fileRef = CD9B6E8F22033F9200FF4AE6 /* Assets.xcassets */; };
		CD9B6E9322033F9200FF4AE6 /* LaunchScreen.storyboard in Resources */ = {isa = PBXBuildFile; fileRef = CD9B6E9122033F9200FF4AE6 /* LaunchScreen.storyboard */; };
		CD9B6E9E22033F9200FF4AE6 /* PickerTests.swift in Sources */ = {isa = PBXBuildFile; fileRef = CD9B6E9D22033F9200FF4AE6 /* PickerTests.swift */; };
		CD9B6EA922033F9200FF4AE6 /* PickerUITests.swift in Sources */ = {isa = PBXBuildFile; fileRef = CD9B6EA822033F9200FF4AE6 /* PickerUITests.swift */; };
		CD9B6EB72203438000FF4AE6 /* InputPickerViewController.swift in Sources */ = {isa = PBXBuildFile; fileRef = CD9B6EB62203438000FF4AE6 /* InputPickerViewController.swift */; };
		CD9B6EB922034AD100FF4AE6 /* UIViewController+hidableKeyboard.swift in Sources */ = {isa = PBXBuildFile; fileRef = CD9B6EB822034AD100FF4AE6 /* UIViewController+hidableKeyboard.swift */; };
		CD9B6EBB22034D7900FF4AE6 /* ExampleCollectionViewController.swift in Sources */ = {isa = PBXBuildFile; fileRef = CD9B6EBA22034D7900FF4AE6 /* ExampleCollectionViewController.swift */; };
		CD9B6EBD2203586600FF4AE6 /* ExampleCellCollectionViewCell.swift in Sources */ = {isa = PBXBuildFile; fileRef = CD9B6EBC2203586600FF4AE6 /* ExampleCellCollectionViewCell.swift */; };
/* End PBXBuildFile section */

/* Begin PBXContainerItemProxy section */
		CD9B6E9A22033F9200FF4AE6 /* PBXContainerItemProxy */ = {
			isa = PBXContainerItemProxy;
			containerPortal = CD9B6E7D22033F9200FF4AE6 /* Project object */;
			proxyType = 1;
			remoteGlobalIDString = CD9B6E8422033F9200FF4AE6;
			remoteInfo = Picker;
		};
		CD9B6EA522033F9200FF4AE6 /* PBXContainerItemProxy */ = {
			isa = PBXContainerItemProxy;
			containerPortal = CD9B6E7D22033F9200FF4AE6 /* Project object */;
			proxyType = 1;
			remoteGlobalIDString = CD9B6E8422033F9200FF4AE6;
			remoteInfo = Picker;
		};
/* End PBXContainerItemProxy section */

/* Begin PBXFileReference section */
		02236F7D47D1D65887C7B4CE /* Pods_PickerUITests.framework */ = {isa = PBXFileReference; explicitFileType = wrapper.framework; includeInIndex = 0; path = Pods_PickerUITests.framework; sourceTree = BUILT_PRODUCTS_DIR; };
		191002E8E9D5CB2F9027B2C1 /* Pods_PickerTests.framework */ = {isa = PBXFileReference; explicitFileType = wrapper.framework; includeInIndex = 0; path = Pods_PickerTests.framework; sourceTree = BUILT_PRODUCTS_DIR; };
		3FB7AB43638A98F6CA25B9A4 /* Pods-Picker.debug.xcconfig */ = {isa = PBXFileReference; includeInIndex = 1; lastKnownFileType = text.xcconfig; name = "Pods-Picker.debug.xcconfig"; path = "Pods/Target Support Files/Pods-Picker/Pods-Picker.debug.xcconfig"; sourceTree = "<group>"; };
		454B0A52397D73BB8A7A2FC7 /* Pods-Picker.release.xcconfig */ = {isa = PBXFileReference; includeInIndex = 1; lastKnownFileType = text.xcconfig; name = "Pods-Picker.release.xcconfig"; path = "Pods/Target Support Files/Pods-Picker/Pods-Picker.release.xcconfig"; sourceTree = "<group>"; };
		512910621E5AB14CB6FA807E /* Pods-PickerUITests.debug.xcconfig */ = {isa = PBXFileReference; includeInIndex = 1; lastKnownFileType = text.xcconfig; name = "Pods-PickerUITests.debug.xcconfig"; path = "Pods/Target Support Files/Pods-PickerUITests/Pods-PickerUITests.debug.xcconfig"; sourceTree = "<group>"; };
		6AE05904D7160DB44A60625C /* Pods-PickerUITests.release.xcconfig */ = {isa = PBXFileReference; includeInIndex = 1; lastKnownFileType = text.xcconfig; name = "Pods-PickerUITests.release.xcconfig"; path = "Pods/Target Support Files/Pods-PickerUITests/Pods-PickerUITests.release.xcconfig"; sourceTree = "<group>"; };
		906FFF0ED5A33E90257F4BCB /* Pods-PickerTests.release.xcconfig */ = {isa = PBXFileReference; includeInIndex = 1; lastKnownFileType = text.xcconfig; name = "Pods-PickerTests.release.xcconfig"; path = "Pods/Target Support Files/Pods-PickerTests/Pods-PickerTests.release.xcconfig"; sourceTree = "<group>"; };
		CD9B6E8522033F9200FF4AE6 /* Picker.app */ = {isa = PBXFileReference; explicitFileType = wrapper.application; includeInIndex = 0; path = Picker.app; sourceTree = BUILT_PRODUCTS_DIR; };
		CD9B6E8822033F9200FF4AE6 /* AppDelegate.swift */ = {isa = PBXFileReference; lastKnownFileType = sourcecode.swift; path = AppDelegate.swift; sourceTree = "<group>"; };
		CD9B6E8A22033F9200FF4AE6 /* ViewController.swift */ = {isa = PBXFileReference; lastKnownFileType = sourcecode.swift; path = ViewController.swift; sourceTree = "<group>"; };
		CD9B6E8D22033F9200FF4AE6 /* Base */ = {isa = PBXFileReference; lastKnownFileType = file.storyboard; name = Base; path = Base.lproj/Main.storyboard; sourceTree = "<group>"; };
		CD9B6E8F22033F9200FF4AE6 /* Assets.xcassets */ = {isa = PBXFileReference; lastKnownFileType = folder.assetcatalog; path = Assets.xcassets; sourceTree = "<group>"; };
		CD9B6E9222033F9200FF4AE6 /* Base */ = {isa = PBXFileReference; lastKnownFileType = file.storyboard; name = Base; path = Base.lproj/LaunchScreen.storyboard; sourceTree = "<group>"; };
		CD9B6E9422033F9200FF4AE6 /* Info.plist */ = {isa = PBXFileReference; lastKnownFileType = text.plist.xml; path = Info.plist; sourceTree = "<group>"; };
		CD9B6E9922033F9200FF4AE6 /* PickerTests.xctest */ = {isa = PBXFileReference; explicitFileType = wrapper.cfbundle; includeInIndex = 0; path = PickerTests.xctest; sourceTree = BUILT_PRODUCTS_DIR; };
		CD9B6E9D22033F9200FF4AE6 /* PickerTests.swift */ = {isa = PBXFileReference; lastKnownFileType = sourcecode.swift; path = PickerTests.swift; sourceTree = "<group>"; };
		CD9B6E9F22033F9200FF4AE6 /* Info.plist */ = {isa = PBXFileReference; lastKnownFileType = text.plist.xml; path = Info.plist; sourceTree = "<group>"; };
		CD9B6EA422033F9200FF4AE6 /* PickerUITests.xctest */ = {isa = PBXFileReference; explicitFileType = wrapper.cfbundle; includeInIndex = 0; path = PickerUITests.xctest; sourceTree = BUILT_PRODUCTS_DIR; };
		CD9B6EA822033F9200FF4AE6 /* PickerUITests.swift */ = {isa = PBXFileReference; lastKnownFileType = sourcecode.swift; path = PickerUITests.swift; sourceTree = "<group>"; };
		CD9B6EAA22033F9200FF4AE6 /* Info.plist */ = {isa = PBXFileReference; lastKnownFileType = text.plist.xml; path = Info.plist; sourceTree = "<group>"; };
		CD9B6EB62203438000FF4AE6 /* InputPickerViewController.swift */ = {isa = PBXFileReference; fileEncoding = 4; lastKnownFileType = sourcecode.swift; path = InputPickerViewController.swift; sourceTree = "<group>"; };
		CD9B6EB822034AD100FF4AE6 /* UIViewController+hidableKeyboard.swift */ = {isa = PBXFileReference; fileEncoding = 4; lastKnownFileType = sourcecode.swift; path = "UIViewController+hidableKeyboard.swift"; sourceTree = "<group>"; };
		CD9B6EBA22034D7900FF4AE6 /* ExampleCollectionViewController.swift */ = {isa = PBXFileReference; fileEncoding = 4; lastKnownFileType = sourcecode.swift; path = ExampleCollectionViewController.swift; sourceTree = "<group>"; };
		CD9B6EBC2203586600FF4AE6 /* ExampleCellCollectionViewCell.swift */ = {isa = PBXFileReference; fileEncoding = 4; lastKnownFileType = sourcecode.swift; path = ExampleCellCollectionViewCell.swift; sourceTree = "<group>"; };
		E11207747D40BB891140F4BB /* Pods-PickerTests.debug.xcconfig */ = {isa = PBXFileReference; includeInIndex = 1; lastKnownFileType = text.xcconfig; name = "Pods-PickerTests.debug.xcconfig"; path = "Pods/Target Support Files/Pods-PickerTests/Pods-PickerTests.debug.xcconfig"; sourceTree = "<group>"; };
		E4404E8767AA1617AFB50D84 /* Pods_Picker.framework */ = {isa = PBXFileReference; explicitFileType = wrapper.framework; includeInIndex = 0; path = Pods_Picker.framework; sourceTree = BUILT_PRODUCTS_DIR; };
/* End PBXFileReference section */

/* Begin PBXFrameworksBuildPhase section */
		CD9B6E8222033F9200FF4AE6 /* Frameworks */ = {
			isa = PBXFrameworksBuildPhase;
			buildActionMask = 2147483647;
			files = (
				5A69C87A7D97512BA9496C18 /* Pods_Picker.framework in Frameworks */,
			);
			runOnlyForDeploymentPostprocessing = 0;
		};
		CD9B6E9622033F9200FF4AE6 /* Frameworks */ = {
			isa = PBXFrameworksBuildPhase;
			buildActionMask = 2147483647;
			files = (
				AFDD2FEAF927CB4989BEDED8 /* Pods_PickerTests.framework in Frameworks */,
			);
			runOnlyForDeploymentPostprocessing = 0;
		};
		CD9B6EA122033F9200FF4AE6 /* Frameworks */ = {
			isa = PBXFrameworksBuildPhase;
			buildActionMask = 2147483647;
			files = (
				146D63225DC83F02C84FEF97 /* Pods_PickerUITests.framework in Frameworks */,
			);
			runOnlyForDeploymentPostprocessing = 0;
		};
/* End PBXFrameworksBuildPhase section */

/* Begin PBXGroup section */
		2B952616714B6FE4FAAE5DF6 /* Pods */ = {
			isa = PBXGroup;
			children = (
				3FB7AB43638A98F6CA25B9A4 /* Pods-Picker.debug.xcconfig */,
				454B0A52397D73BB8A7A2FC7 /* Pods-Picker.release.xcconfig */,
				E11207747D40BB891140F4BB /* Pods-PickerTests.debug.xcconfig */,
				906FFF0ED5A33E90257F4BCB /* Pods-PickerTests.release.xcconfig */,
				512910621E5AB14CB6FA807E /* Pods-PickerUITests.debug.xcconfig */,
				6AE05904D7160DB44A60625C /* Pods-PickerUITests.release.xcconfig */,
			);
			name = Pods;
			sourceTree = "<group>";
		};
		6965832D7B59C7D1EFDC8A35 /* Frameworks */ = {
			isa = PBXGroup;
			children = (
				E4404E8767AA1617AFB50D84 /* Pods_Picker.framework */,
				191002E8E9D5CB2F9027B2C1 /* Pods_PickerTests.framework */,
				02236F7D47D1D65887C7B4CE /* Pods_PickerUITests.framework */,
			);
			name = Frameworks;
			sourceTree = "<group>";
		};
		CD9B6E7C22033F9200FF4AE6 = {
			isa = PBXGroup;
			children = (
				CD9B6E8722033F9200FF4AE6 /* Picker */,
				CD9B6E9C22033F9200FF4AE6 /* PickerTests */,
				CD9B6EA722033F9200FF4AE6 /* PickerUITests */,
				CD9B6E8622033F9200FF4AE6 /* Products */,
				2B952616714B6FE4FAAE5DF6 /* Pods */,
				6965832D7B59C7D1EFDC8A35 /* Frameworks */,
			);
			sourceTree = "<group>";
		};
		CD9B6E8622033F9200FF4AE6 /* Products */ = {
			isa = PBXGroup;
			children = (
				CD9B6E8522033F9200FF4AE6 /* Picker.app */,
				CD9B6E9922033F9200FF4AE6 /* PickerTests.xctest */,
				CD9B6EA422033F9200FF4AE6 /* PickerUITests.xctest */,
			);
			name = Products;
			sourceTree = "<group>";
		};
		CD9B6E8722033F9200FF4AE6 /* Picker */ = {
			isa = PBXGroup;
			children = (
				CD9B6E8822033F9200FF4AE6 /* AppDelegate.swift */,
				CD9B6E8A22033F9200FF4AE6 /* ViewController.swift */,
				CD9B6E8C22033F9200FF4AE6 /* Main.storyboard */,
				CD9B6E8F22033F9200FF4AE6 /* Assets.xcassets */,
				CD9B6E9122033F9200FF4AE6 /* LaunchScreen.storyboard */,
				CD9B6E9422033F9200FF4AE6 /* Info.plist */,
				CD9B6EB62203438000FF4AE6 /* InputPickerViewController.swift */,
				CD9B6EB822034AD100FF4AE6 /* UIViewController+hidableKeyboard.swift */,
				CD9B6EBA22034D7900FF4AE6 /* ExampleCollectionViewController.swift */,
				CD9B6EBC2203586600FF4AE6 /* ExampleCellCollectionViewCell.swift */,
			);
			path = Picker;
			sourceTree = "<group>";
		};
		CD9B6E9C22033F9200FF4AE6 /* PickerTests */ = {
			isa = PBXGroup;
			children = (
				CD9B6E9D22033F9200FF4AE6 /* PickerTests.swift */,
				CD9B6E9F22033F9200FF4AE6 /* Info.plist */,
			);
			path = PickerTests;
			sourceTree = "<group>";
		};
		CD9B6EA722033F9200FF4AE6 /* PickerUITests */ = {
			isa = PBXGroup;
			children = (
				CD9B6EA822033F9200FF4AE6 /* PickerUITests.swift */,
				CD9B6EAA22033F9200FF4AE6 /* Info.plist */,
			);
			path = PickerUITests;
			sourceTree = "<group>";
		};
/* End PBXGroup section */

/* Begin PBXNativeTarget section */
		CD9B6E8422033F9200FF4AE6 /* Picker */ = {
			isa = PBXNativeTarget;
			buildConfigurationList = CD9B6EAD22033F9200FF4AE6 /* Build configuration list for PBXNativeTarget "Picker" */;
			buildPhases = (
				CE53830728030C882D7BD7F3 /* [CP] Check Pods Manifest.lock */,
				CD9B6E8122033F9200FF4AE6 /* Sources */,
				CD9B6E8222033F9200FF4AE6 /* Frameworks */,
				CD9B6E8322033F9200FF4AE6 /* Resources */,
				F6CE0354D8C765068E91269F /* [CP] Embed Pods Frameworks */,
				685516EFDCE9A00B204C18A0 /* [CP] Copy Pods Resources */,
			);
			buildRules = (
			);
			dependencies = (
			);
			name = Picker;
			productName = Picker;
			productReference = CD9B6E8522033F9200FF4AE6 /* Picker.app */;
			productType = "com.apple.product-type.application";
		};
		CD9B6E9822033F9200FF4AE6 /* PickerTests */ = {
			isa = PBXNativeTarget;
			buildConfigurationList = CD9B6EB022033F9200FF4AE6 /* Build configuration list for PBXNativeTarget "PickerTests" */;
			buildPhases = (
				6D171CAD025784284109297E /* [CP] Check Pods Manifest.lock */,
				CD9B6E9522033F9200FF4AE6 /* Sources */,
				CD9B6E9622033F9200FF4AE6 /* Frameworks */,
				CD9B6E9722033F9200FF4AE6 /* Resources */,
				0275901551BC6A81E5EF72EF /* [CP] Embed Pods Frameworks */,
				8B3573651C4462CDA1EDA600 /* [CP] Copy Pods Resources */,
			);
			buildRules = (
			);
			dependencies = (
				CD9B6E9B22033F9200FF4AE6 /* PBXTargetDependency */,
			);
			name = PickerTests;
			productName = PickerTests;
			productReference = CD9B6E9922033F9200FF4AE6 /* PickerTests.xctest */;
			productType = "com.apple.product-type.bundle.unit-test";
		};
		CD9B6EA322033F9200FF4AE6 /* PickerUITests */ = {
			isa = PBXNativeTarget;
			buildConfigurationList = CD9B6EB322033F9200FF4AE6 /* Build configuration list for PBXNativeTarget "PickerUITests" */;
			buildPhases = (
				CB72288B6078D1244812EA02 /* [CP] Check Pods Manifest.lock */,
				CD9B6EA022033F9200FF4AE6 /* Sources */,
				CD9B6EA122033F9200FF4AE6 /* Frameworks */,
				CD9B6EA222033F9200FF4AE6 /* Resources */,
				66E29CE373FC832659FDFE17 /* [CP] Embed Pods Frameworks */,
				05C2823DFF6E7C271772D943 /* [CP] Copy Pods Resources */,
			);
			buildRules = (
			);
			dependencies = (
				CD9B6EA622033F9200FF4AE6 /* PBXTargetDependency */,
			);
			name = PickerUITests;
			productName = PickerUITests;
			productReference = CD9B6EA422033F9200FF4AE6 /* PickerUITests.xctest */;
			productType = "com.apple.product-type.bundle.ui-testing";
		};
/* End PBXNativeTarget section */

/* Begin PBXProject section */
		CD9B6E7D22033F9200FF4AE6 /* Project object */ = {
			isa = PBXProject;
			attributes = {
				LastSwiftUpdateCheck = 0820;
				LastUpgradeCheck = 0820;
				ORGANIZATIONNAME = curs;
				TargetAttributes = {
					CD9B6E8422033F9200FF4AE6 = {
						CreatedOnToolsVersion = 8.2.1;
						ProvisioningStyle = Automatic;
					};
					CD9B6E9822033F9200FF4AE6 = {
						CreatedOnToolsVersion = 8.2.1;
						ProvisioningStyle = Automatic;
						TestTargetID = CD9B6E8422033F9200FF4AE6;
					};
					CD9B6EA322033F9200FF4AE6 = {
						CreatedOnToolsVersion = 8.2.1;
						ProvisioningStyle = Automatic;
						TestTargetID = CD9B6E8422033F9200FF4AE6;
					};
				};
			};
			buildConfigurationList = CD9B6E8022033F9200FF4AE6 /* Build configuration list for PBXProject "Picker" */;
			compatibilityVersion = "Xcode 3.2";
			developmentRegion = English;
			hasScannedForEncodings = 0;
			knownRegions = (
				en,
				Base,
			);
			mainGroup = CD9B6E7C22033F9200FF4AE6;
			productRefGroup = CD9B6E8622033F9200FF4AE6 /* Products */;
			projectDirPath = "";
			projectRoot = "";
			targets = (
				CD9B6E8422033F9200FF4AE6 /* Picker */,
				CD9B6E9822033F9200FF4AE6 /* PickerTests */,
				CD9B6EA322033F9200FF4AE6 /* PickerUITests */,
			);
		};
/* End PBXProject section */

/* Begin PBXResourcesBuildPhase section */
		CD9B6E8322033F9200FF4AE6 /* Resources */ = {
			isa = PBXResourcesBuildPhase;
			buildActionMask = 2147483647;
			files = (
				CD9B6E9322033F9200FF4AE6 /* LaunchScreen.storyboard in Resources */,
				CD9B6E9022033F9200FF4AE6 /* Assets.xcassets in Resources */,
				CD9B6E8E22033F9200FF4AE6 /* Main.storyboard in Resources */,
			);
			runOnlyForDeploymentPostprocessing = 0;
		};
		CD9B6E9722033F9200FF4AE6 /* Resources */ = {
			isa = PBXResourcesBuildPhase;
			buildActionMask = 2147483647;
			files = (
			);
			runOnlyForDeploymentPostprocessing = 0;
		};
		CD9B6EA222033F9200FF4AE6 /* Resources */ = {
			isa = PBXResourcesBuildPhase;
			buildActionMask = 2147483647;
			files = (
			);
			runOnlyForDeploymentPostprocessing = 0;
		};
/* End PBXResourcesBuildPhase section */

/* Begin PBXShellScriptBuildPhase section */
		0275901551BC6A81E5EF72EF /* [CP] Embed Pods Frameworks */ = {
			isa = PBXShellScriptBuildPhase;
			buildActionMask = 2147483647;
			files = (
			);
			inputPaths = (
			);
			name = "[CP] Embed Pods Frameworks";
			outputPaths = (
			);
			runOnlyForDeploymentPostprocessing = 0;
			shellPath = /bin/sh;
			shellScript = "\"${SRCROOT}/Pods/Target Support Files/Pods-PickerTests/Pods-PickerTests-frameworks.sh\"\n";
			showEnvVarsInLog = 0;
		};
		05C2823DFF6E7C271772D943 /* [CP] Copy Pods Resources */ = {
			isa = PBXShellScriptBuildPhase;
			buildActionMask = 2147483647;
			files = (
			);
			inputPaths = (
			);
			name = "[CP] Copy Pods Resources";
			outputPaths = (
			);
			runOnlyForDeploymentPostprocessing = 0;
			shellPath = /bin/sh;
			shellScript = "\"${SRCROOT}/Pods/Target Support Files/Pods-PickerUITests/Pods-PickerUITests-resources.sh\"\n";
			showEnvVarsInLog = 0;
		};
		66E29CE373FC832659FDFE17 /* [CP] Embed Pods Frameworks */ = {
			isa = PBXShellScriptBuildPhase;
			buildActionMask = 2147483647;
			files = (
			);
			inputPaths = (
			);
			name = "[CP] Embed Pods Frameworks";
			outputPaths = (
			);
			runOnlyForDeploymentPostprocessing = 0;
			shellPath = /bin/sh;
			shellScript = "\"${SRCROOT}/Pods/Target Support Files/Pods-PickerUITests/Pods-PickerUITests-frameworks.sh\"\n";
			showEnvVarsInLog = 0;
		};
		685516EFDCE9A00B204C18A0 /* [CP] Copy Pods Resources */ = {
			isa = PBXShellScriptBuildPhase;
			buildActionMask = 2147483647;
			files = (
			);
			inputPaths = (
			);
			name = "[CP] Copy Pods Resources";
			outputPaths = (
			);
			runOnlyForDeploymentPostprocessing = 0;
			shellPath = /bin/sh;
			shellScript = "\"${SRCROOT}/Pods/Target Support Files/Pods-Picker/Pods-Picker-resources.sh\"\n";
			showEnvVarsInLog = 0;
		};
		6D171CAD025784284109297E /* [CP] Check Pods Manifest.lock */ = {
			isa = PBXShellScriptBuildPhase;
			buildActionMask = 2147483647;
			files = (
			);
			inputPaths = (
			);
			name = "[CP] Check Pods Manifest.lock";
			outputPaths = (
			);
			runOnlyForDeploymentPostprocessing = 0;
			shellPath = /bin/sh;
			shellScript = "diff \"${PODS_ROOT}/../Podfile.lock\" \"${PODS_ROOT}/Manifest.lock\" > /dev/null\nif [ $? != 0 ] ; then\n    # print error to STDERR\n    echo \"error: The sandbox is not in sync with the Podfile.lock. Run 'pod install' or update your CocoaPods installation.\" >&2\n    exit 1\nfi\n";
			showEnvVarsInLog = 0;
		};
		8B3573651C4462CDA1EDA600 /* [CP] Copy Pods Resources */ = {
			isa = PBXShellScriptBuildPhase;
			buildActionMask = 2147483647;
			files = (
			);
			inputPaths = (
			);
			name = "[CP] Copy Pods Resources";
			outputPaths = (
			);
			runOnlyForDeploymentPostprocessing = 0;
			shellPath = /bin/sh;
			shellScript = "\"${SRCROOT}/Pods/Target Support Files/Pods-PickerTests/Pods-PickerTests-resources.sh\"\n";
			showEnvVarsInLog = 0;
		};
		CB72288B6078D1244812EA02 /* [CP] Check Pods Manifest.lock */ = {
			isa = PBXShellScriptBuildPhase;
			buildActionMask = 2147483647;
			files = (
			);
			inputPaths = (
			);
			name = "[CP] Check Pods Manifest.lock";
			outputPaths = (
			);
			runOnlyForDeploymentPostprocessing = 0;
			shellPath = /bin/sh;
			shellScript = "diff \"${PODS_ROOT}/../Podfile.lock\" \"${PODS_ROOT}/Manifest.lock\" > /dev/null\nif [ $? != 0 ] ; then\n    # print error to STDERR\n    echo \"error: The sandbox is not in sync with the Podfile.lock. Run 'pod install' or update your CocoaPods installation.\" >&2\n    exit 1\nfi\n";
			showEnvVarsInLog = 0;
		};
		CE53830728030C882D7BD7F3 /* [CP] Check Pods Manifest.lock */ = {
			isa = PBXShellScriptBuildPhase;
			buildActionMask = 2147483647;
			files = (
			);
			inputPaths = (
			);
			name = "[CP] Check Pods Manifest.lock";
			outputPaths = (
			);
			runOnlyForDeploymentPostprocessing = 0;
			shellPath = /bin/sh;
			shellScript = "diff \"${PODS_ROOT}/../Podfile.lock\" \"${PODS_ROOT}/Manifest.lock\" > /dev/null\nif [ $? != 0 ] ; then\n    # print error to STDERR\n    echo \"error: The sandbox is not in sync with the Podfile.lock. Run 'pod install' or update your CocoaPods installation.\" >&2\n    exit 1\nfi\n";
			showEnvVarsInLog = 0;
		};
		F6CE0354D8C765068E91269F /* [CP] Embed Pods Frameworks */ = {
			isa = PBXShellScriptBuildPhase;
			buildActionMask = 2147483647;
			files = (
			);
			inputPaths = (
			);
			name = "[CP] Embed Pods Frameworks";
			outputPaths = (
			);
			runOnlyForDeploymentPostprocessing = 0;
			shellPath = /bin/sh;
			shellScript = "\"${SRCROOT}/Pods/Target Support Files/Pods-Picker/Pods-Picker-frameworks.sh\"\n";
			showEnvVarsInLog = 0;
		};
/* End PBXShellScriptBuildPhase section */

/* Begin PBXSourcesBuildPhase section */
		CD9B6E8122033F9200FF4AE6 /* Sources */ = {
			isa = PBXSourcesBuildPhase;
			buildActionMask = 2147483647;
			files = (
				CD9B6EB72203438000FF4AE6 /* InputPickerViewController.swift in Sources */,
				CD9B6E8B22033F9200FF4AE6 /* ViewController.swift in Sources */,
				CD9B6E8922033F9200FF4AE6 /* AppDelegate.swift in Sources */,
				CD9B6EBD2203586600FF4AE6 /* ExampleCellCollectionViewCell.swift in Sources */,
				CD9B6EBB22034D7900FF4AE6 /* ExampleCollectionViewController.swift in Sources */,
				CD9B6EB922034AD100FF4AE6 /* UIViewController+hidableKeyboard.swift in Sources */,
			);
			runOnlyForDeploymentPostprocessing = 0;
		};
		CD9B6E9522033F9200FF4AE6 /* Sources */ = {
			isa = PBXSourcesBuildPhase;
			buildActionMask = 2147483647;
			files = (
				CD9B6E9E22033F9200FF4AE6 /* PickerTests.swift in Sources */,
			);
			runOnlyForDeploymentPostprocessing = 0;
		};
		CD9B6EA022033F9200FF4AE6 /* Sources */ = {
			isa = PBXSourcesBuildPhase;
			buildActionMask = 2147483647;
			files = (
				CD9B6EA922033F9200FF4AE6 /* PickerUITests.swift in Sources */,
			);
			runOnlyForDeploymentPostprocessing = 0;
		};
/* End PBXSourcesBuildPhase section */

/* Begin PBXTargetDependency section */
		CD9B6E9B22033F9200FF4AE6 /* PBXTargetDependency */ = {
			isa = PBXTargetDependency;
			target = CD9B6E8422033F9200FF4AE6 /* Picker */;
			targetProxy = CD9B6E9A22033F9200FF4AE6 /* PBXContainerItemProxy */;
		};
		CD9B6EA622033F9200FF4AE6 /* PBXTargetDependency */ = {
			isa = PBXTargetDependency;
			target = CD9B6E8422033F9200FF4AE6 /* Picker */;
			targetProxy = CD9B6EA522033F9200FF4AE6 /* PBXContainerItemProxy */;
		};
/* End PBXTargetDependency section */

/* Begin PBXVariantGroup section */
		CD9B6E8C22033F9200FF4AE6 /* Main.storyboard */ = {
			isa = PBXVariantGroup;
			children = (
				CD9B6E8D22033F9200FF4AE6 /* Base */,
			);
			name = Main.storyboard;
			sourceTree = "<group>";
		};
		CD9B6E9122033F9200FF4AE6 /* LaunchScreen.storyboard */ = {
			isa = PBXVariantGroup;
			children = (
				CD9B6E9222033F9200FF4AE6 /* Base */,
			);
			name = LaunchScreen.storyboard;
			sourceTree = "<group>";
		};
/* End PBXVariantGroup section */

/* Begin XCBuildConfiguration section */
		CD9B6EAB22033F9200FF4AE6 /* Debug */ = {
			isa = XCBuildConfiguration;
			buildSettings = {
				ALWAYS_SEARCH_USER_PATHS = NO;
				CLANG_ANALYZER_NONNULL = YES;
				CLANG_CXX_LANGUAGE_STANDARD = "gnu++0x";
				CLANG_CXX_LIBRARY = "libc++";
				CLANG_ENABLE_MODULES = YES;
				CLANG_ENABLE_OBJC_ARC = YES;
				CLANG_WARN_BOOL_CONVERSION = YES;
				CLANG_WARN_CONSTANT_CONVERSION = YES;
				CLANG_WARN_DIRECT_OBJC_ISA_USAGE = YES_ERROR;
				CLANG_WARN_DOCUMENTATION_COMMENTS = YES;
				CLANG_WARN_EMPTY_BODY = YES;
				CLANG_WARN_ENUM_CONVERSION = YES;
				CLANG_WARN_INFINITE_RECURSION = YES;
				CLANG_WARN_INT_CONVERSION = YES;
				CLANG_WARN_OBJC_ROOT_CLASS = YES_ERROR;
				CLANG_WARN_SUSPICIOUS_MOVE = YES;
				CLANG_WARN_UNREACHABLE_CODE = YES;
				CLANG_WARN__DUPLICATE_METHOD_MATCH = YES;
				"CODE_SIGN_IDENTITY[sdk=iphoneos*]" = "iPhone Developer";
				COPY_PHASE_STRIP = NO;
				DEBUG_INFORMATION_FORMAT = dwarf;
				ENABLE_STRICT_OBJC_MSGSEND = YES;
				ENABLE_TESTABILITY = YES;
				GCC_C_LANGUAGE_STANDARD = gnu99;
				GCC_DYNAMIC_NO_PIC = NO;
				GCC_NO_COMMON_BLOCKS = YES;
				GCC_OPTIMIZATION_LEVEL = 0;
				GCC_PREPROCESSOR_DEFINITIONS = (
					"DEBUG=1",
					"$(inherited)",
				);
				GCC_WARN_64_TO_32_BIT_CONVERSION = YES;
				GCC_WARN_ABOUT_RETURN_TYPE = YES_ERROR;
				GCC_WARN_UNDECLARED_SELECTOR = YES;
				GCC_WARN_UNINITIALIZED_AUTOS = YES_AGGRESSIVE;
				GCC_WARN_UNUSED_FUNCTION = YES;
				GCC_WARN_UNUSED_VARIABLE = YES;
				IPHONEOS_DEPLOYMENT_TARGET = 10.2;
				MTL_ENABLE_DEBUG_INFO = YES;
				ONLY_ACTIVE_ARCH = YES;
				SDKROOT = iphoneos;
				SWIFT_ACTIVE_COMPILATION_CONDITIONS = DEBUG;
				SWIFT_OPTIMIZATION_LEVEL = "-Onone";
			};
			name = Debug;
		};
		CD9B6EAC22033F9200FF4AE6 /* Release */ = {
			isa = XCBuildConfiguration;
			buildSettings = {
				ALWAYS_SEARCH_USER_PATHS = NO;
				CLANG_ANALYZER_NONNULL = YES;
				CLANG_CXX_LANGUAGE_STANDARD = "gnu++0x";
				CLANG_CXX_LIBRARY = "libc++";
				CLANG_ENABLE_MODULES = YES;
				CLANG_ENABLE_OBJC_ARC = YES;
				CLANG_WARN_BOOL_CONVERSION = YES;
				CLANG_WARN_CONSTANT_CONVERSION = YES;
				CLANG_WARN_DIRECT_OBJC_ISA_USAGE = YES_ERROR;
				CLANG_WARN_DOCUMENTATION_COMMENTS = YES;
				CLANG_WARN_EMPTY_BODY = YES;
				CLANG_WARN_ENUM_CONVERSION = YES;
				CLANG_WARN_INFINITE_RECURSION = YES;
				CLANG_WARN_INT_CONVERSION = YES;
				CLANG_WARN_OBJC_ROOT_CLASS = YES_ERROR;
				CLANG_WARN_SUSPICIOUS_MOVE = YES;
				CLANG_WARN_UNREACHABLE_CODE = YES;
				CLANG_WARN__DUPLICATE_METHOD_MATCH = YES;
				"CODE_SIGN_IDENTITY[sdk=iphoneos*]" = "iPhone Developer";
				COPY_PHASE_STRIP = NO;
				DEBUG_INFORMATION_FORMAT = "dwarf-with-dsym";
				ENABLE_NS_ASSERTIONS = NO;
				ENABLE_STRICT_OBJC_MSGSEND = YES;
				GCC_C_LANGUAGE_STANDARD = gnu99;
				GCC_NO_COMMON_BLOCKS = YES;
				GCC_WARN_64_TO_32_BIT_CONVERSION = YES;
				GCC_WARN_ABOUT_RETURN_TYPE = YES_ERROR;
				GCC_WARN_UNDECLARED_SELECTOR = YES;
				GCC_WARN_UNINITIALIZED_AUTOS = YES_AGGRESSIVE;
				GCC_WARN_UNUSED_FUNCTION = YES;
				GCC_WARN_UNUSED_VARIABLE = YES;
				IPHONEOS_DEPLOYMENT_TARGET = 10.2;
				MTL_ENABLE_DEBUG_INFO = NO;
				SDKROOT = iphoneos;
				SWIFT_OPTIMIZATION_LEVEL = "-Owholemodule";
				VALIDATE_PRODUCT = YES;
			};
			name = Release;
		};
		CD9B6EAE22033F9200FF4AE6 /* Debug */ = {
			isa = XCBuildConfiguration;
			baseConfigurationReference = 3FB7AB43638A98F6CA25B9A4 /* Pods-Picker.debug.xcconfig */;
			buildSettings = {
				ASSETCATALOG_COMPILER_APPICON_NAME = AppIcon;
				INFOPLIST_FILE = Picker/Info.plist;
				LD_RUNPATH_SEARCH_PATHS = "$(inherited) @executable_path/Frameworks";
				PRODUCT_BUNDLE_IDENTIFIER = com.curso.Carlota.Picker;
				PRODUCT_NAME = "$(TARGET_NAME)";
				SWIFT_VERSION = 3.0;
			};
			name = Debug;
		};
		CD9B6EAF22033F9200FF4AE6 /* Release */ = {
			isa = XCBuildConfiguration;
			baseConfigurationReference = 454B0A52397D73BB8A7A2FC7 /* Pods-Picker.release.xcconfig */;
			buildSettings = {
				ASSETCATALOG_COMPILER_APPICON_NAME = AppIcon;
				INFOPLIST_FILE = Picker/Info.plist;
				LD_RUNPATH_SEARCH_PATHS = "$(inherited) @executable_path/Frameworks";
				PRODUCT_BUNDLE_IDENTIFIER = com.curso.Carlota.Picker;
				PRODUCT_NAME = "$(TARGET_NAME)";
				SWIFT_VERSION = 3.0;
			};
			name = Release;
		};
		CD9B6EB122033F9200FF4AE6 /* Debug */ = {
			isa = XCBuildConfiguration;
			baseConfigurationReference = E11207747D40BB891140F4BB /* Pods-PickerTests.debug.xcconfig */;
			buildSettings = {
				ALWAYS_EMBED_SWIFT_STANDARD_LIBRARIES = YES;
				BUNDLE_LOADER = "$(TEST_HOST)";
				INFOPLIST_FILE = PickerTests/Info.plist;
				LD_RUNPATH_SEARCH_PATHS = "$(inherited) @executable_path/Frameworks @loader_path/Frameworks";
				PRODUCT_BUNDLE_IDENTIFIER = com.curso.Carlota.PickerTests;
				PRODUCT_NAME = "$(TARGET_NAME)";
				SWIFT_VERSION = 3.0;
				TEST_HOST = "$(BUILT_PRODUCTS_DIR)/Picker.app/Picker";
			};
			name = Debug;
		};
		CD9B6EB222033F9200FF4AE6 /* Release */ = {
			isa = XCBuildConfiguration;
			baseConfigurationReference = 906FFF0ED5A33E90257F4BCB /* Pods-PickerTests.release.xcconfig */;
			buildSettings = {
				ALWAYS_EMBED_SWIFT_STANDARD_LIBRARIES = YES;
				BUNDLE_LOADER = "$(TEST_HOST)";
				INFOPLIST_FILE = PickerTests/Info.plist;
				LD_RUNPATH_SEARCH_PATHS = "$(inherited) @executable_path/Frameworks @loader_path/Frameworks";
				PRODUCT_BUNDLE_IDENTIFIER = com.curso.Carlota.PickerTests;
				PRODUCT_NAME = "$(TARGET_NAME)";
				SWIFT_VERSION = 3.0;
				TEST_HOST = "$(BUILT_PRODUCTS_DIR)/Picker.app/Picker";
			};
			name = Release;
		};
		CD9B6EB422033F9200FF4AE6 /* Debug */ = {
			isa = XCBuildConfiguration;
			baseConfigurationReference = 512910621E5AB14CB6FA807E /* Pods-PickerUITests.debug.xcconfig */;
			buildSettings = {
				ALWAYS_EMBED_SWIFT_STANDARD_LIBRARIES = YES;
				INFOPLIST_FILE = PickerUITests/Info.plist;
				LD_RUNPATH_SEARCH_PATHS = "$(inherited) @executable_path/Frameworks @loader_path/Frameworks";
				PRODUCT_BUNDLE_IDENTIFIER = com.curso.Carlota.PickerUITests;
				PRODUCT_NAME = "$(TARGET_NAME)";
				SWIFT_VERSION = 3.0;
				TEST_TARGET_NAME = Picker;
			};
			name = Debug;
		};
		CD9B6EB522033F9200FF4AE6 /* Release */ = {
			isa = XCBuildConfiguration;
			baseConfigurationReference = 6AE05904D7160DB44A60625C /* Pods-PickerUITests.release.xcconfig */;
			buildSettings = {
				ALWAYS_EMBED_SWIFT_STANDARD_LIBRARIES = YES;
				INFOPLIST_FILE = PickerUITests/Info.plist;
				LD_RUNPATH_SEARCH_PATHS = "$(inherited) @executable_path/Frameworks @loader_path/Frameworks";
				PRODUCT_BUNDLE_IDENTIFIER = com.curso.Carlota.PickerUITests;
				PRODUCT_NAME = "$(TARGET_NAME)";
				SWIFT_VERSION = 3.0;
				TEST_TARGET_NAME = Picker;
			};
			name = Release;
		};
/* End XCBuildConfiguration section */

/* Begin XCConfigurationList section */
		CD9B6E8022033F9200FF4AE6 /* Build configuration list for PBXProject "Picker" */ = {
			isa = XCConfigurationList;
			buildConfigurations = (
				CD9B6EAB22033F9200FF4AE6 /* Debug */,
				CD9B6EAC22033F9200FF4AE6 /* Release */,
			);
			defaultConfigurationIsVisible = 0;
			defaultConfigurationName = Release;
		};
		CD9B6EAD22033F9200FF4AE6 /* Build configuration list for PBXNativeTarget "Picker" */ = {
			isa = XCConfigurationList;
			buildConfigurations = (
				CD9B6EAE22033F9200FF4AE6 /* Debug */,
				CD9B6EAF22033F9200FF4AE6 /* Release */,
			);
			defaultConfigurationIsVisible = 0;
		};
		CD9B6EB022033F9200FF4AE6 /* Build configuration list for PBXNativeTarget "PickerTests" */ = {
			isa = XCConfigurationList;
			buildConfigurations = (
				CD9B6EB122033F9200FF4AE6 /* Debug */,
				CD9B6EB222033F9200FF4AE6 /* Release */,
			);
			defaultConfigurationIsVisible = 0;
		};
		CD9B6EB322033F9200FF4AE6 /* Build configuration list for PBXNativeTarget "PickerUITests" */ = {
			isa = XCConfigurationList;
			buildConfigurations = (
				CD9B6EB422033F9200FF4AE6 /* Debug */,
				CD9B6EB522033F9200FF4AE6 /* Release */,
			);
			defaultConfigurationIsVisible = 0;
		};
/* End XCConfigurationList section */
	};
	rootObject = CD9B6E7D22033F9200FF4AE6 /* Project object */;
}
